
Microsoft Visual Studio Solution File, Format Version 12.00
# Visual Studio Version 16
VisualStudioVersion = 16.0.30104.148
MinimumVisualStudioVersion = 10.0.40219.1
Project("{FAE04EC0-301F-11D3-BF4B-00C04F79EFBC}") = "GeneticAlgorithmForPresentPrediction", "GeneticAlgorithmForPresentPrediction\GeneticAlgorithmForPresentPrediction.csproj", "{C496904A-2D92-4230-B07D-1651BE695A86}"
EndProject
Global
	GlobalSection(SolutionConfigurationPlatforms) = preSolution
		Debug|Any CPU = Debug|Any CPU
		Release|Any CPU = Release|Any CPU
	EndGlobalSection
	GlobalSection(ProjectConfigurationPlatforms) = postSolution
		{C496904A-2D92-4230-B07D-1651BE695A86}.Debug|Any CPU.ActiveCfg = Debug|Any CPU
		{C496904A-2D92-4230-B07D-1651BE695A86}.Debug|Any CPU.Build.0 = Debug|Any CPU
		{C496904A-2D92-4230-B07D-1651BE695A86}.Release|Any CPU.ActiveCfg = Release|Any CPU
		{C496904A-2D92-4230-B07D-1651BE695A86}.Release|Any CPU.Build.0 = Release|Any CPU
	EndGlobalSection
	GlobalSection(SolutionProperties) = preSolution
		HideSolutionNode = FALSE
	EndGlobalSection
	GlobalSection(ExtensibilityGlobals) = postSolution
		SolutionGuid = {1A80FD9C-7DC4-4A30-B9DB-AD62FA8C97BB}
	EndGlobalSection
EndGlobal
